# THIS IS AN AUTOGENERATED FILE. DO NOT EDIT THIS FILE DIRECTLY.
# yarn lockfile v1


argparse@^1.0.7:
  version "1.0.10"
  resolved "https://registry.yarnpkg.com/argparse/-/argparse-1.0.10.tgz#bcd6791ea5ae09725e17e5ad988134cd40b3d911"
  dependencies:
    sprintf-js "~1.0.2"

detect-newline@^3.1.0:
  version "3.1.0"
  resolved "https://registry.yarnpkg.com/detect-newline/-/detect-newline-3.1.0.tgz#576f5dfc63ae1a192ff192d8ad3af6308991b651"

esprima@^4.0.0:
  version "4.0.1"
  resolved "https://registry.yarnpkg.com/esprima/-/esprima-4.0.1.tgz#13b04cdb3e6c5d19df91ab6987a8695619b0aa71"

js-yaml@^3.14.1:
  version "3.14.1"
  resolved "https://registry.yarnpkg.com/js-yaml/-/js-yaml-3.14.1.tgz#dae812fdb3825fa306609a8717383c50c36a0537"
  dependencies:
    argparse "^1.0.7"
    esprima "^4.0.0"

lunr@^2.3.9:
  version "2.3.9"
  resolved "https://registry.yarnpkg.com/lunr/-/lunr-2.3.9.tgz#18b123142832337dd6e964df1a5a7707b25d35e1"

markdown-yaml-metadata-parser@^3.0.0:
  version "3.0.0"
  resolved "https://registry.yarnpkg.com/markdown-yaml-metadata-parser/-/markdown-yaml-metadata-parser-3.0.0.tgz#648ce68850453bfc18aa365879350548edc26e38"
  dependencies:
    detect-newline "^3.1.0"
    js-yaml "^3.14.1"

sprintf-js@~1.0.2:
  version "1.0.3"
  resolved "https://registry.yarnpkg.com/sprintf-js/-/sprintf-js-1.0.3.tgz#04e6926f662895354f3dd015203633b857297e2c"
